
Microsoft Visual Studio Solution File, Format Version 12.00
# Visual Studio 15
VisualStudioVersion = 15.0.28010.2046
MinimumVisualStudioVersion = 10.0.40219.1
Project("{9A19103F-16F7-4668-BE54-9A1E7A4F7556}") = "Teste", "Teste\Teste.csproj", "{788841D5-5592-4A08-818E-D7F45C33DA22}"
EndProject
Project("{9A19103F-16F7-4668-BE54-9A1E7A4F7556}") = "PlayerManager3", "PlayerManager3\PlayerManager3.csproj", "{7A08AB18-567B-42EC-B27F-18E28C000629}"
EndProject
Project("{FAE04EC0-301F-11D3-BF4B-00C04F79EFBC}") = "PlayerManager4", "PlayerManager4\PlayerManager4.csproj", "{E055D785-0337-4445-BB02-0750DE7116B9}"
EndProject
Project("{FAE04EC0-301F-11D3-BF4B-00C04F79EFBC}") = "StringCollections", "StringCollections\StringCollections.csproj", "{0EB7907B-26A1-43DF-AAA2-ECB8DCB3C171}"
EndProject
Global
	GlobalSection(SolutionConfigurationPlatforms) = preSolution
		Debug|Any CPU = Debug|Any CPU
		Release|Any CPU = Release|Any CPU
	EndGlobalSection
	GlobalSection(ProjectConfigurationPlatforms) = postSolution
		{788841D5-5592-4A08-818E-D7F45C33DA22}.Debug|Any CPU.ActiveCfg = Debug|Any CPU
		{788841D5-5592-4A08-818E-D7F45C33DA22}.Debug|Any CPU.Build.0 = Debug|Any CPU
		{788841D5-5592-4A08-818E-D7F45C33DA22}.Release|Any CPU.ActiveCfg = Release|Any CPU
		{788841D5-5592-4A08-818E-D7F45C33DA22}.Release|Any CPU.Build.0 = Release|Any CPU
		{7A08AB18-567B-42EC-B27F-18E28C000629}.Debug|Any CPU.ActiveCfg = Debug|Any CPU
		{7A08AB18-567B-42EC-B27F-18E28C000629}.Debug|Any CPU.Build.0 = Debug|Any CPU
		{7A08AB18-567B-42EC-B27F-18E28C000629}.Release|Any CPU.ActiveCfg = Release|Any CPU
		{7A08AB18-567B-42EC-B27F-18E28C000629}.Release|Any CPU.Build.0 = Release|Any CPU
		{E055D785-0337-4445-BB02-0750DE7116B9}.Debug|Any CPU.ActiveCfg = Debug|Any CPU
		{E055D785-0337-4445-BB02-0750DE7116B9}.Debug|Any CPU.Build.0 = Debug|Any CPU
		{E055D785-0337-4445-BB02-0750DE7116B9}.Release|Any CPU.ActiveCfg = Release|Any CPU
		{E055D785-0337-4445-BB02-0750DE7116B9}.Release|Any CPU.Build.0 = Release|Any CPU
		{0EB7907B-26A1-43DF-AAA2-ECB8DCB3C171}.Debug|Any CPU.ActiveCfg = Debug|Any CPU
		{0EB7907B-26A1-43DF-AAA2-ECB8DCB3C171}.Debug|Any CPU.Build.0 = Debug|Any CPU
		{0EB7907B-26A1-43DF-AAA2-ECB8DCB3C171}.Release|Any CPU.ActiveCfg = Release|Any CPU
		{0EB7907B-26A1-43DF-AAA2-ECB8DCB3C171}.Release|Any CPU.Build.0 = Release|Any CPU
	EndGlobalSection
	GlobalSection(SolutionProperties) = preSolution
		HideSolutionNode = FALSE
	EndGlobalSection
	GlobalSection(ExtensibilityGlobals) = postSolution
		SolutionGuid = {FBF23158-C71E-49A2-A735-30E70C963437}
	EndGlobalSection
EndGlobal
